// !$*UTF8*$!
{
	archiveVersion = 1;
	classes = {
	};
	objectVersion = 46;
	objects = {

/* Begin PBXBuildFile section */
		1822E73A1DF8256700E1AC4E /* main.m in Sources */ = {isa = PBXBuildFile; fileRef = 1822E7391DF8256700E1AC4E /* main.m */; };
		1822E73D1DF8256700E1AC4E /* AppDelegate.m in Sources */ = {isa = PBXBuildFile; fileRef = 1822E73C1DF8256700E1AC4E /* AppDelegate.m */; };
		1822E7401DF8256700E1AC4E /* ViewController.m in Sources */ = {isa = PBXBuildFile; fileRef = 1822E73F1DF8256700E1AC4E /* ViewController.m */; };
		1822E7431DF8256700E1AC4E /* Main.storyboard in Resources */ = {isa = PBXBuildFile; fileRef = 1822E7411DF8256700E1AC4E /* Main.storyboard */; };
		1822E7451DF8256700E1AC4E /* Assets.xcassets in Resources */ = {isa = PBXBuildFile; fileRef = 1822E7441DF8256700E1AC4E /* Assets.xcassets */; };
		1822E7481DF8256700E1AC4E /* LaunchScreen.storyboard in Resources */ = {isa = PBXBuildFile; fileRef = 1822E7461DF8256700E1AC4E /* LaunchScreen.storyboard */; };
		1822E7531DF8256700E1AC4E /* githubTestTests.m in Sources */ = {isa = PBXBuildFile; fileRef = 1822E7521DF8256700E1AC4E /* githubTestTests.m */; };
		1822E75E1DF8256700E1AC4E /* githubTestUITests.m in Sources */ = {isa = PBXBuildFile; fileRef = 1822E75D1DF8256700E1AC4E /* githubTestUITests.m */; };
/* End PBXBuildFile section */

/* Begin PBXContainerItemProxy section */
		1822E74F1DF8256700E1AC4E /* PBXContainerItemProxy */ = {
			isa = PBXContainerItemProxy;
			containerPortal = 1822E72D1DF8256700E1AC4E /* Project object */;
			proxyType = 1;
			remoteGlobalIDString = 1822E7341DF8256700E1AC4E;
			remoteInfo = githubTest;
		};
		1822E75A1DF8256700E1AC4E /* PBXContainerItemProxy */ = {
			isa = PBXContainerItemProxy;
			containerPortal = 1822E72D1DF8256700E1AC4E /* Project object */;
			proxyType = 1;
			remoteGlobalIDString = 1822E7341DF8256700E1AC4E;
			remoteInfo = githubTest;
		};
/* End PBXContainerItemProxy section */

/* Begin PBXFileReference section */
		1822E7351DF8256700E1AC4E /* githubTest.app */ = {isa = PBXFileReference; explicitFileType = wrapper.application; includeInIndex = 0; path = githubTest.app; sourceTree = BUILT_PRODUCTS_DIR; };
		1822E7391DF8256700E1AC4E /* main.m */ = {isa = PBXFileReference; lastKnownFileType = sourcecode.c.objc; path = main.m; sourceTree = "<group>"; };
		1822E73B1DF8256700E1AC4E /* AppDelegate.h */ = {isa = PBXFileReference; lastKnownFileType = sourcecode.c.h; path = AppDelegate.h; sourceTree = "<group>"; };
		1822E73C1DF8256700E1AC4E /* AppDelegate.m */ = {isa = PBXFileReference; lastKnownFileType = sourcecode.c.objc; path = AppDelegate.m; sourceTree = "<group>"; };
		1822E73E1DF8256700E1AC4E /* ViewController.h */ = {isa = PBXFileReference; lastKnownFileType = sourcecode.c.h; path = ViewController.h; sourceTree = "<group>"; };
		1822E73F1DF8256700E1AC4E /* ViewController.m */ = {isa = PBXFileReference; lastKnownFileType = sourcecode.c.objc; path = ViewController.m; sourceTree = "<group>"; };
		1822E7421DF8256700E1AC4E /* Base */ = {isa = PBXFileReference; lastKnownFileType = file.storyboard; name = Base; path = Base.lproj/Main.storyboard; sourceTree = "<group>"; };
		1822E7441DF8256700E1AC4E /* Assets.xcassets */ = {isa = PBXFileReference; lastKnownFileType = folder.assetcatalog; path = Assets.xcassets; sourceTree = "<group>"; };
		1822E7471DF8256700E1AC4E /* Base */ = {isa = PBXFileReference; lastKnownFileType = file.storyboard; name = Base; path = Base.lproj/LaunchScreen.storyboard; sourceTree = "<group>"; };
		1822E7491DF8256700E1AC4E /* Info.plist */ = {isa = PBXFileReference; lastKnownFileType = text.plist.xml; path = Info.plist; sourceTree = "<group>"; };
		1822E74E1DF8256700E1AC4E /* githubTestTests.xctest */ = {isa = PBXFileReference; explicitFileType = wrapper.cfbundle; includeInIndex = 0; path = githubTestTests.xctest; sourceTree = BUILT_PRODUCTS_DIR; };
		1822E7521DF8256700E1AC4E /* githubTestTests.m */ = {isa = PBXFileReference; lastKnownFileType = sourcecode.c.objc; path = githubTestTests.m; sourceTree = "<group>"; };
		1822E7541DF8256700E1AC4E /* Info.plist */ = {isa = PBXFileReference; lastKnownFileType = text.plist.xml; path = Info.plist; sourceTree = "<group>"; };
		1822E7591DF8256700E1AC4E /* githubTestUITests.xctest */ = {isa = PBXFileReference; explicitFileType = wrapper.cfbundle; includeInIndex = 0; path = githubTestUITests.xctest; sourceTree = BUILT_PRODUCTS_DIR; };
		1822E75D1DF8256700E1AC4E /* githubTestUITests.m */ = {isa = PBXFileReference; lastKnownFileType = sourcecode.c.objc; path = githubTestUITests.m; sourceTree = "<group>"; };
		1822E75F1DF8256700E1AC4E /* Info.plist */ = {isa = PBXFileReference; lastKnownFileType = text.plist.xml; path = Info.plist; sourceTree = "<group>"; };
/* End PBXFileReference section */

/* Begin PBXFrameworksBuildPhase section */
		1822E7321DF8256700E1AC4E /* Frameworks */ = {
			isa = PBXFrameworksBuildPhase;
			buildActionMask = 2147483647;
			files = (
			);
			runOnlyForDeploymentPostprocessing = 0;
		};
		1822E74B1DF8256700E1AC4E /* Frameworks */ = {
			isa = PBXFrameworksBuildPhase;
			buildActionMask = 2147483647;
			files = (
			);
			runOnlyForDeploymentPostprocessing = 0;
		};
		1822E7561DF8256700E1AC4E /* Frameworks */ = {
			isa = PBXFrameworksBuildPhase;
			buildActionMask = 2147483647;
			files = (
			);
			runOnlyForDeploymentPostprocessing = 0;
		};
/* End PBXFrameworksBuildPhase section */

/* Begin PBXGroup section */
		1822E72C1DF8256700E1AC4E = {
			isa = PBXGroup;
			children = (
				1822E7371DF8256700E1AC4E /* githubTest */,
				1822E7511DF8256700E1AC4E /* githubTestTests */,
				1822E75C1DF8256700E1AC4E /* githubTestUITests */,
				1822E7361DF8256700E1AC4E /* Products */,
			);
			sourceTree = "<group>";
		};
		1822E7361DF8256700E1AC4E /* Products */ = {
			isa = PBXGroup;
			children = (
				1822E7351DF8256700E1AC4E /* githubTest.app */,
				1822E74E1DF8256700E1AC4E /* githubTestTests.xctest */,
				1822E7591DF8256700E1AC4E /* githubTestUITests.xctest */,
			);
			name = Products;
			sourceTree = "<group>";
		};
		1822E7371DF8256700E1AC4E /* githubTest */ = {
			isa = PBXGroup;
			children = (
				1822E73B1DF8256700E1AC4E /* AppDelegate.h */,
				1822E73C1DF8256700E1AC4E /* AppDelegate.m */,
				1822E73E1DF8256700E1AC4E /* ViewController.h */,
				1822E73F1DF8256700E1AC4E /* ViewController.m */,
				1822E7411DF8256700E1AC4E /* Main.storyboard */,
				1822E7441DF8256700E1AC4E /* Assets.xcassets */,
				1822E7461DF8256700E1AC4E /* LaunchScreen.storyboard */,
				1822E7491DF8256700E1AC4E /* Info.plist */,
				1822E7381DF8256700E1AC4E /* Supporting Files */,
			);
			path = githubTest;
			sourceTree = "<group>";
		};
		1822E7381DF8256700E1AC4E /* Supporting Files */ = {
			isa = PBXGroup;
			children = (
				1822E7391DF8256700E1AC4E /* main.m */,
			);
			name = "Supporting Files";
			sourceTree = "<group>";
		};
		1822E7511DF8256700E1AC4E /* githubTestTests */ = {
			isa = PBXGroup;
			children = (
				1822E7521DF8256700E1AC4E /* githubTestTests.m */,
				1822E7541DF8256700E1AC4E /* Info.plist */,
			);
			path = githubTestTests;
			sourceTree = "<group>";
		};
		1822E75C1DF8256700E1AC4E /* githubTestUITests */ = {
			isa = PBXGroup;
			children = (
				1822E75D1DF8256700E1AC4E /* githubTestUITests.m */,
				1822E75F1DF8256700E1AC4E /* Info.plist */,
			);
			path = githubTestUITests;
			sourceTree = "<group>";
		};
/* End PBXGroup section */

/* Begin PBXNativeTarget section */
		1822E7341DF8256700E1AC4E /* githubTest */ = {
			isa = PBXNativeTarget;
			buildConfigurationList = 1822E7621DF8256700E1AC4E /* Build configuration list for PBXNativeTarget "githubTest" */;
			buildPhases = (
				1822E7311DF8256700E1AC4E /* Sources */,
				1822E7321DF8256700E1AC4E /* Frameworks */,
				1822E7331DF8256700E1AC4E /* Resources */,
			);
			buildRules = (
			);
			dependencies = (
			);
			name = githubTest;
			productName = githubTest;
			productReference = 1822E7351DF8256700E1AC4E /* githubTest.app */;
			productType = "com.apple.product-type.application";
		};
		1822E74D1DF8256700E1AC4E /* githubTestTests */ = {
			isa = PBXNativeTarget;
			buildConfigurationList = 1822E7651DF8256700E1AC4E /* Build configuration list for PBXNativeTarget "githubTestTests" */;
			buildPhases = (
				1822E74A1DF8256700E1AC4E /* Sources */,
				1822E74B1DF8256700E1AC4E /* Frameworks */,
				1822E74C1DF8256700E1AC4E /* Resources */,
			);
			buildRules = (
			);
			dependencies = (
				1822E7501DF8256700E1AC4E /* PBXTargetDependency */,
			);
			name = githubTestTests;
			productName = githubTestTests;
			productReference = 1822E74E1DF8256700E1AC4E /* githubTestTests.xctest */;
			productType = "com.apple.product-type.bundle.unit-test";
		};
		1822E7581DF8256700E1AC4E /* githubTestUITests */ = {
			isa = PBXNativeTarget;
			buildConfigurationList = 1822E7681DF8256700E1AC4E /* Build configuration list for PBXNativeTarget "githubTestUITests" */;
			buildPhases = (
				1822E7551DF8256700E1AC4E /* Sources */,
				1822E7561DF8256700E1AC4E /* Frameworks */,
				1822E7571DF8256700E1AC4E /* Resources */,
			);
			buildRules = (
			);
			dependencies = (
				1822E75B1DF8256700E1AC4E /* PBXTargetDependency */,
			);
			name = githubTestUITests;
			productName = githubTestUITests;
			productReference = 1822E7591DF8256700E1AC4E /* githubTestUITests.xctest */;
			productType = "com.apple.product-type.bundle.ui-testing";
		};
/* End PBXNativeTarget section */

/* Begin PBXProject section */
		1822E72D1DF8256700E1AC4E /* Project object */ = {
			isa = PBXProject;
			attributes = {
				LastUpgradeCheck = 0720;
				ORGANIZATIONNAME = kayakwise;
				TargetAttributes = {
					1822E7341DF8256700E1AC4E = {
						CreatedOnToolsVersion = 7.2.1;
					};
					1822E74D1DF8256700E1AC4E = {
						CreatedOnToolsVersion = 7.2.1;
						TestTargetID = 1822E7341DF8256700E1AC4E;
					};
					1822E7581DF8256700E1AC4E = {
						CreatedOnToolsVersion = 7.2.1;
						TestTargetID = 1822E7341DF8256700E1AC4E;
					};
				};
			};
			buildConfigurationList = 1822E7301DF8256700E1AC4E /* Build configuration list for PBXProject "githubTest" */;
			compatibilityVersion = "Xcode 3.2";
			developmentRegion = English;
			hasScannedForEncodings = 0;
			knownRegions = (
				en,
				Base,
			);
			mainGroup = 1822E72C1DF8256700E1AC4E;
			productRefGroup = 1822E7361DF8256700E1AC4E /* Products */;
			projectDirPath = "";
			projectRoot = "";
			targets = (
				1822E7341DF8256700E1AC4E /* githubTest */,
				1822E74D1DF8256700E1AC4E /* githubTestTests */,
				1822E7581DF8256700E1AC4E /* githubTestUITests */,
			);
		};
/* End PBXProject section */

/* Begin PBXResourcesBuildPhase section */
		1822E7331DF8256700E1AC4E /* Resources */ = {
			isa = PBXResourcesBuildPhase;
			buildActionMask = 2147483647;
			files = (
				1822E7481DF8256700E1AC4E /* LaunchScreen.storyboard in Resources */,
				1822E7451DF8256700E1AC4E /* Assets.xcassets in Resources */,
				1822E7431DF8256700E1AC4E /* Main.storyboard in Resources */,
			);
			runOnlyForDeploymentPostprocessing = 0;
		};
		1822E74C1DF8256700E1AC4E /* Resources */ = {
			isa = PBXResourcesBuildPhase;
			buildActionMask = 2147483647;
			files = (
			);
			runOnlyForDeploymentPostprocessing = 0;
		};
		1822E7571DF8256700E1AC4E /* Resources */ = {
			isa = PBXResourcesBuildPhase;
			buildActionMask = 2147483647;
			files = (
			);
			runOnlyForDeploymentPostprocessing = 0;
		};
/* End PBXResourcesBuildPhase section */

/* Begin PBXSourcesBuildPhase section */
		1822E7311DF8256700E1AC4E /* Sources */ = {
			isa = PBXSourcesBuildPhase;
			buildActionMask = 2147483647;
			files = (
				1822E7401DF8256700E1AC4E /* ViewController.m in Sources */,
				1822E73D1DF8256700E1AC4E /* AppDelegate.m in Sources */,
				1822E73A1DF8256700E1AC4E /* main.m in Sources */,
			);
			runOnlyForDeploymentPostprocessing = 0;
		};
		1822E74A1DF8256700E1AC4E /* Sources */ = {
			isa = PBXSourcesBuildPhase;
			buildActionMask = 2147483647;
			files = (
				1822E7531DF8256700E1AC4E /* githubTestTests.m in Sources */,
			);
			runOnlyForDeploymentPostprocessing = 0;
		};
		1822E7551DF8256700E1AC4E /* Sources */ = {
			isa = PBXSourcesBuildPhase;
			buildActionMask = 2147483647;
			files = (
				1822E75E1DF8256700E1AC4E /* githubTestUITests.m in Sources */,
			);
			runOnlyForDeploymentPostprocessing = 0;
		};
/* End PBXSourcesBuildPhase section */

/* Begin PBXTargetDependency section */
		1822E7501DF8256700E1AC4E /* PBXTargetDependency */ = {
			isa = PBXTargetDependency;
			target = 1822E7341DF8256700E1AC4E /* githubTest */;
			targetProxy = 1822E74F1DF8256700E1AC4E /* PBXContainerItemProxy */;
		};
		1822E75B1DF8256700E1AC4E /* PBXTargetDependency */ = {
			isa = PBXTargetDependency;
			target = 1822E7341DF8256700E1AC4E /* githubTest */;
			targetProxy = 1822E75A1DF8256700E1AC4E /* PBXContainerItemProxy */;
		};
/* End PBXTargetDependency section */

/* Begin PBXVariantGroup section */
		1822E7411DF8256700E1AC4E /* Main.storyboard */ = {
			isa = PBXVariantGroup;
			children = (
				1822E7421DF8256700E1AC4E /* Base */,
			);
			name = Main.storyboard;
			sourceTree = "<group>";
		};
		1822E7461DF8256700E1AC4E /* LaunchScreen.storyboard */ = {
			isa = PBXVariantGroup;
			children = (
				1822E7471DF8256700E1AC4E /* Base */,
			);
			name = LaunchScreen.storyboard;
			sourceTree = "<group>";
		};
/* End PBXVariantGroup section */

/* Begin XCBuildConfiguration section */
		1822E7601DF8256700E1AC4E /* Debug */ = {
			isa = XCBuildConfiguration;
			buildSettings = {
				ALWAYS_SEARCH_USER_PATHS = NO;
				CLANG_CXX_LANGUAGE_STANDARD = "gnu++0x";
				CLANG_CXX_LIBRARY = "libc++";
				CLANG_ENABLE_MODULES = YES;
				CLANG_ENABLE_OBJC_ARC = YES;
				CLANG_WARN_BOOL_CONVERSION = YES;
				CLANG_WARN_CONSTANT_CONVERSION = YES;
				CLANG_WARN_DIRECT_OBJC_ISA_USAGE = YES_ERROR;
				CLANG_WARN_EMPTY_BODY = YES;
				CLANG_WARN_ENUM_CONVERSION = YES;
				CLANG_WARN_INT_CONVERSION = YES;
				CLANG_WARN_OBJC_ROOT_CLASS = YES_ERROR;
				CLANG_WARN_UNREACHABLE_CODE = YES;
				CLANG_WARN__DUPLICATE_METHOD_MATCH = YES;
				"CODE_SIGN_IDENTITY[sdk=iphoneos*]" = "iPhone Developer";
				COPY_PHASE_STRIP = NO;
				DEBUG_INFORMATION_FORMAT = dwarf;
				ENABLE_STRICT_OBJC_MSGSEND = YES;
				ENABLE_TESTABILITY = YES;
				GCC_C_LANGUAGE_STANDARD = gnu99;
				GCC_DYNAMIC_NO_PIC = NO;
				GCC_NO_COMMON_BLOCKS = YES;
				GCC_OPTIMIZATION_LEVEL = 0;
				GCC_PREPROCESSOR_DEFINITIONS = (
					"DEBUG=1",
					"$(inherited)",
				);
				GCC_WARN_64_TO_32_BIT_CONVERSION = YES;
				GCC_WARN_ABOUT_RETURN_TYPE = YES_ERROR;
				GCC_WARN_UNDECLARED_SELECTOR = YES;
				GCC_WARN_UNINITIALIZED_AUTOS = YES_AGGRESSIVE;
				GCC_WARN_UNUSED_FUNCTION = YES;
				GCC_WARN_UNUSED_VARIABLE = YES;
				IPHONEOS_DEPLOYMENT_TARGET = 9.2;
				MTL_ENABLE_DEBUG_INFO = YES;
				ONLY_ACTIVE_ARCH = YES;
				SDKROOT = iphoneos;
				TARGETED_DEVICE_FAMILY = "1,2";
			};
			name = Debug;
		};
		1822E7611DF8256700E1AC4E /* Release */ = {
			isa = XCBuildConfiguration;
			buildSettings = {
				ALWAYS_SEARCH_USER_PATHS = NO;
				CLANG_CXX_LANGUAGE_STANDARD = "gnu++0x";
				CLANG_CXX_LIBRARY = "libc++";
				CLANG_ENABLE_MODULES = YES;
				CLANG_ENABLE_OBJC_ARC = YES;
				CLANG_WARN_BOOL_CONVERSION = YES;
				CLANG_WARN_CONSTANT_CONVERSION = YES;
				CLANG_WARN_DIRECT_OBJC_ISA_USAGE = YES_ERROR;
				CLANG_WARN_EMPTY_BODY = YES;
				CLANG_WARN_ENUM_CONVERSION = YES;
				CLANG_WARN_INT_CONVERSION = YES;
				CLANG_WARN_OBJC_ROOT_CLASS = YES_ERROR;
				CLANG_WARN_UNREACHABLE_CODE = YES;
				CLANG_WARN__DUPLICATE_METHOD_MATCH = YES;
				"CODE_SIGN_IDENTITY[sdk=iphoneos*]" = "iPhone Developer";
				COPY_PHASE_STRIP = NO;
				DEBUG_INFORMATION_FORMAT = "dwarf-with-dsym";
				ENABLE_NS_ASSERTIONS = NO;
				ENABLE_STRICT_OBJC_MSGSEND = YES;
				GCC_C_LANGUAGE_STANDARD = gnu99;
				GCC_NO_COMMON_BLOCKS = YES;
				GCC_WARN_64_TO_32_BIT_CONVERSION = YES;
				GCC_WARN_ABOUT_RETURN_TYPE = YES_ERROR;
				GCC_WARN_UNDECLARED_SELECTOR = YES;
				GCC_WARN_UNINITIALIZED_AUTOS = YES_AGGRESSIVE;
				GCC_WARN_UNUSED_FUNCTION = YES;
				GCC_WARN_UNUSED_VARIABLE = YES;
				IPHONEOS_DEPLOYMENT_TARGET = 9.2;
				MTL_ENABLE_DEBUG_INFO = NO;
				SDKROOT = iphoneos;
				TARGETED_DEVICE_FAMILY = "1,2";
				VALIDATE_PRODUCT = YES;
			};
			name = Release;
		};
		1822E7631DF8256700E1AC4E /* Debug */ = {
			isa = XCBuildConfiguration;
			buildSettings = {
				ASSETCATALOG_COMPILER_APPICON_NAME = AppIcon;
				INFOPLIST_FILE = githubTest/Info.plist;
				LD_RUNPATH_SEARCH_PATHS = "$(inherited) @executable_path/Frameworks";
				PRODUCT_BUNDLE_IDENTIFIER = com.githubTest;
				PRODUCT_NAME = "$(TARGET_NAME)";
			};
			name = Debug;
		};
		1822E7641DF8256700E1AC4E /* Release */ = {
			isa = XCBuildConfiguration;
			buildSettings = {
				ASSETCATALOG_COMPILER_APPICON_NAME = AppIcon;
				INFOPLIST_FILE = githubTest/Info.plist;
				LD_RUNPATH_SEARCH_PATHS = "$(inherited) @executable_path/Frameworks";
				PRODUCT_BUNDLE_IDENTIFIER = com.githubTest;
				PRODUCT_NAME = "$(TARGET_NAME)";
			};
			name = Release;
		};
		1822E7661DF8256700E1AC4E /* Debug */ = {
			isa = XCBuildConfiguration;
			buildSettings = {
				BUNDLE_LOADER = "$(TEST_HOST)";
				INFOPLIST_FILE = githubTestTests/Info.plist;
				LD_RUNPATH_SEARCH_PATHS = "$(inherited) @executable_path/Frameworks @loader_path/Frameworks";
				PRODUCT_BUNDLE_IDENTIFIER = com.githubTestTests;
				PRODUCT_NAME = "$(TARGET_NAME)";
				TEST_HOST = "$(BUILT_PRODUCTS_DIR)/githubTest.app/githubTest";
			};
			name = Debug;
		};
		1822E7671DF8256700E1AC4E /* Release */ = {
			isa = XCBuildConfiguration;
			buildSettings = {
				BUNDLE_LOADER = "$(TEST_HOST)";
				INFOPLIST_FILE = githubTestTests/Info.plist;
				LD_RUNPATH_SEARCH_PATHS = "$(inherited) @executable_path/Frameworks @loader_path/Frameworks";
				PRODUCT_BUNDLE_IDENTIFIER = com.githubTestTests;
				PRODUCT_NAME = "$(TARGET_NAME)";
				TEST_HOST = "$(BUILT_PRODUCTS_DIR)/githubTest.app/githubTest";
			};
			name = Release;
		};
		1822E7691DF8256700E1AC4E /* Debug */ = {
			isa = XCBuildConfiguration;
			buildSettings = {
				INFOPLIST_FILE = githubTestUITests/Info.plist;
				LD_RUNPATH_SEARCH_PATHS = "$(inherited) @executable_path/Frameworks @loader_path/Frameworks";
				PRODUCT_BUNDLE_IDENTIFIER = com.githubTestUITests;
				PRODUCT_NAME = "$(TARGET_NAME)";
				TEST_TARGET_NAME = githubTest;
				USES_XCTRUNNER = YES;
			};
			name = Debug;
		};
		1822E76A1DF8256700E1AC4E /* Release */ = {
			isa = XCBuildConfiguration;
			buildSettings = {
				INFOPLIST_FILE = githubTestUITests/Info.plist;
				LD_RUNPATH_SEARCH_PATHS = "$(inherited) @executable_path/Frameworks @loader_path/Frameworks";
				PRODUCT_BUNDLE_IDENTIFIER = com.githubTestUITests;
				PRODUCT_NAME = "$(TARGET_NAME)";
				TEST_TARGET_NAME = githubTest;
				USES_XCTRUNNER = YES;
			};
			name = Release;
		};
/* End XCBuildConfiguration section */

/* Begin XCConfigurationList section */
		1822E7301DF8256700E1AC4E /* Build configuration list for PBXProject "githubTest" */ = {
			isa = XCConfigurationList;
			buildConfigurations = (
				1822E7601DF8256700E1AC4E /* Debug */,
				1822E7611DF8256700E1AC4E /* Release */,
			);
			defaultConfigurationIsVisible = 0;
			defaultConfigurationName = Release;
		};
		1822E7621DF8256700E1AC4E /* Build configuration list for PBXNativeTarget "githubTest" */ = {
			isa = XCConfigurationList;
			buildConfigurations = (
				1822E7631DF8256700E1AC4E /* Debug */,
				1822E7641DF8256700E1AC4E /* Release */,
			);
			defaultConfigurationIsVisible = 0;
		};
		1822E7651DF8256700E1AC4E /* Build configuration list for PBXNativeTarget "githubTestTests" */ = {
			isa = XCConfigurationList;
			buildConfigurations = (
				1822E7661DF8256700E1AC4E /* Debug */,
				1822E7671DF8256700E1AC4E /* Release */,
			);
			defaultConfigurationIsVisible = 0;
		};
		1822E7681DF8256700E1AC4E /* Build configuration list for PBXNativeTarget "githubTestUITests" */ = {
			isa = XCConfigurationList;
			buildConfigurations = (
				1822E7691DF8256700E1AC4E /* Debug */,
				1822E76A1DF8256700E1AC4E /* Release */,
			);
			defaultConfigurationIsVisible = 0;
		};
/* End XCConfigurationList section */
	};
	rootObject = 1822E72D1DF8256700E1AC4E /* Project object */;
}
